
Microsoft Visual Studio Solution File, Format Version 12.00
# Visual Studio 14
VisualStudioVersion = 14.0.25420.1
MinimumVisualStudioVersion = 10.0.40219.1
Project("{2150E333-8FDC-42A3-9474-1A3956D46DE8}") = "Solution Items", "Solution Items", "{94DE47CE-33B3-4648-9986-3D8DA5F21E4D}"
	ProjectSection(SolutionItems) = preProject
		..\.gitattributes = ..\.gitattributes
		..\.gitignore = ..\.gitignore
		..\generate.go = ..\generate.go
		..\LICENSE = ..\LICENSE
		..\README.md = ..\README.md
	EndProjectSection
EndProject
Project("{2150E333-8FDC-42A3-9474-1A3956D46DE8}") = "retrieve", "retrieve", "{73C1E579-4B87-4E61-9256-C3F28CB6B9CF}"
	ProjectSection(SolutionItems) = preProject
		..\zretrieve\retrieve.go = ..\zretrieve\retrieve.go
	EndProjectSection
EndProject
Project("{2150E333-8FDC-42A3-9474-1A3956D46DE8}") = "hushcrypto", "hushcrypto", "{094A5479-09FE-486B-A2ED-53112D01A3F5}"
	ProjectSection(SolutionItems) = preProject
		..\zcashcrypto\hushcrypto.go = ..\zcashcrypto\hushcrypto.go
		..\zcashcrypto\params.go = ..\zcashcrypto\params.go
	EndProjectSection
EndProject
Global
	GlobalSection(SolutionProperties) = preSolution
		HideSolutionNode = FALSE
	EndGlobalSection
	GlobalSection(NestedProjects) = preSolution
		{73C1E579-4B87-4E61-9256-C3F28CB6B9CF} = {94DE47CE-33B3-4648-9986-3D8DA5F21E4D}
		{094A5479-09FE-486B-A2ED-53112D01A3F5} = {94DE47CE-33B3-4648-9986-3D8DA5F21E4D}
	EndGlobalSection
EndGlobal
